
Microsoft Visual Studio Solution File, Format Version 12.00
# Visual Studio Version 17
VisualStudioVersion = 17.14.37502.11
MinimumVisualStudioVersion = 10.0.40219.1
Project("{FAE04EC0-301F-11D3-BF4B-00C04F79EFBC}") = "ControllerProgramEditor", "ControllerProgramEditor\ControllerProgramEditor.csproj", "{88938457-F7E1-4624-B79F-0F3B05B85222}"
EndProject
Project("{FAE04EC0-301F-11D3-BF4B-00C04F79EFBC}") = "UnitTests", "UnitTests\UnitTests.csproj", "{B51415D1-80CA-4616-892C-5F3547C62335}"
EndProject
Global
	GlobalSection(SolutionConfigurationPlatforms) = preSolution
		Debug|Any CPU = Debug|Any CPU
		Release|Any CPU = Release|Any CPU
	EndGlobalSection
	GlobalSection(ProjectConfigurationPlatforms) = postSolution
		{88938457-F7E1-4624-B79F-0F3B05B85222}.Debug|Any CPU.ActiveCfg = Debug|Any CPU
		{88938457-F7E1-4624-B79F-0F3B05B85222}.Debug|Any CPU.Build.0 = Debug|Any CPU
		{88938457-F7E1-4624-B79F-0F3B05B85222}.Release|Any CPU.ActiveCfg = Release|Any CPU
		{88938457-F7E1-4624-B79F-0F3B05B85222}.Release|Any CPU.Build.0 = Release|Any CPU
		{B51415D1-80CA-4616-892C-5F3547C62335}.Debug|Any CPU.ActiveCfg = Debug|Any CPU
		{B51415D1-80CA-4616-892C-5F3547C62335}.Debug|Any CPU.Build.0 = Debug|Any CPU
		{B51415D1-80CA-4616-892C-5F3547C62335}.Release|Any CPU.ActiveCfg = Release|Any CPU
		{B51415D1-80CA-4616-892C-5F3547C62335}.Release|Any CPU.Build.0 = Release|Any CPU
	EndGlobalSection
	GlobalSection(SolutionProperties) = preSolution
		HideSolutionNode = FALSE
	EndGlobalSection
	GlobalSection(ExtensibilityGlobals) = postSolution
		SolutionGuid = {B75836FB-E0D9-4510-AF1F-6C319E1C92F1}
	EndGlobalSection
EndGlobal
